
Microsoft Visual Studio Solution File, Format Version 12.00
# Visual Studio Version 17
VisualStudioVersion = 17.11.35312.102
MinimumVisualStudioVersion = 10.0.40219.1
Project("{FAE04EC0-301F-11D3-BF4B-00C04F79EFBC}") = "Lab2(temp)", "Lab2(temp)\Lab2(temp).csproj", "{CFDE8C5E-588C-47ED-9FF0-C2F68D333C67}"
EndProject
Global
	GlobalSection(SolutionConfigurationPlatforms) = preSolution
		Debug|Any CPU = Debug|Any CPU
		Release|Any CPU = Release|Any CPU
	EndGlobalSection
	GlobalSection(ProjectConfigurationPlatforms) = postSolution
		{CFDE8C5E-588C-47ED-9FF0-C2F68D333C67}.Debug|Any CPU.ActiveCfg = Debug|Any CPU
		{CFDE8C5E-588C-47ED-9FF0-C2F68D333C67}.Debug|Any CPU.Build.0 = Debug|Any CPU
		{CFDE8C5E-588C-47ED-9FF0-C2F68D333C67}.Release|Any CPU.ActiveCfg = Release|Any CPU
		{CFDE8C5E-588C-47ED-9FF0-C2F68D333C67}.Release|Any CPU.Build.0 = Release|Any CPU
	EndGlobalSection
	GlobalSection(SolutionProperties) = preSolution
		HideSolutionNode = FALSE
	EndGlobalSection
	GlobalSection(ExtensibilityGlobals) = postSolution
		SolutionGuid = {C23AA95D-31D7-4E68-A445-2EFC0CA07B91}
	EndGlobalSection
EndGlobal
